
Microsoft Visual Studio Solution File, Format Version 12.00
# Visual Studio Version 17
VisualStudioVersion = 17.13.35825.156 d17.13
MinimumVisualStudioVersion = 10.0.40219.1
Project("{FAE04EC0-301F-11D3-BF4B-00C04F79EFBC}") = "phantom-mask", "phantom-mask.csproj", "{B5F6FF97-C599-4B1D-B348-CD63B6C60A1B}"
EndProject
Global
	GlobalSection(SolutionConfigurationPlatforms) = preSolution
		Debug|Any CPU = Debug|Any CPU
		Release|Any CPU = Release|Any CPU
	EndGlobalSection
	GlobalSection(ProjectConfigurationPlatforms) = postSolution
		{B5F6FF97-C599-4B1D-B348-CD63B6C60A1B}.Debug|Any CPU.ActiveCfg = Debug|Any CPU
		{B5F6FF97-C599-4B1D-B348-CD63B6C60A1B}.Debug|Any CPU.Build.0 = Debug|Any CPU
		{B5F6FF97-C599-4B1D-B348-CD63B6C60A1B}.Release|Any CPU.ActiveCfg = Release|Any CPU
		{B5F6FF97-C599-4B1D-B348-CD63B6C60A1B}.Release|Any CPU.Build.0 = Release|Any CPU
	EndGlobalSection
	GlobalSection(SolutionProperties) = preSolution
		HideSolutionNode = FALSE
	EndGlobalSection
	GlobalSection(ExtensibilityGlobals) = postSolution
		SolutionGuid = {7BD4EE48-87CD-432C-944C-91AD5822D9F9}
	EndGlobalSection
EndGlobal
